// !$*UTF8*$!
{
	archiveVersion = 1;
	classes = {
	};
	objectVersion = 77;
	objects = {

/* Begin PBXContainerItemProxy section */
		09CD740F2FBB9D8200733273 /* PBXContainerItemProxy */ = {
			isa = PBXContainerItemProxy;
			containerPortal = 09CD73F72FBB9D8100733273 /* Project object */;
			proxyType = 1;
			remoteGlobalIDString = 09CD73FE2FBB9D8100733273;
			remoteInfo = NewsAppAssessment;
		};
		09CD74192FBB9D8200733273 /* PBXContainerItemProxy */ = {
			isa = PBXContainerItemProxy;
			containerPortal = 09CD73F72FBB9D8100733273 /* Project object */;
			proxyType = 1;
			remoteGlobalIDString = 09CD73FE2FBB9D8100733273;
			remoteInfo = NewsAppAssessment;
		};
/* End PBXContainerItemProxy section */

/* Begin PBXFileReference section */
		09CD73FF2FBB9D8100733273 /* NewsAppAssessment.app */ = {isa = PBXFileReference; explicitFileType = wrapper.application; includeInIndex = 0; path = NewsAppAssessment.app; sourceTree = BUILT_PRODUCTS_DIR; };
		09CD740E2FBB9D8200733273 /* NewsAppAssessmentTests.xctest */ = {isa = PBXFileReference; explicitFileType = wrapper.cfbundle; includeInIndex = 0; path = NewsAppAssessmentTests.xctest; sourceTree = BUILT_PRODUCTS_DIR; };
		09CD74182FBB9D8200733273 /* NewsAppAssessmentUITests.xctest */ = {isa = PBXFileReference; explicitFileType = wrapper.cfbundle; includeInIndex = 0; path = NewsAppAssessmentUITests.xctest; sourceTree = BUILT_PRODUCTS_DIR; };
/* End PBXFileReference section */

/* Begin PBXFileSystemSynchronizedBuildFileExceptionSet section */
		09DEF7EA2FBC7129005E2408 /* Exceptions for "NewsAppAssessment" folder in "NewsAppAssessment" target */ = {
			isa = PBXFileSystemSynchronizedBuildFileExceptionSet;
			membershipExceptions = (
				Info.plist,
			);
			target = 09CD73FE2FBB9D8100733273 /* NewsAppAssessment */;
		};
/* End PBXFileSystemSynchronizedBuildFileExceptionSet section */

/* Begin PBXFileSystemSynchronizedRootGroup section */
		09CD74012FBB9D8100733273 /* NewsAppAssessment */ = {
			isa = PBXFileSystemSynchronizedRootGroup;
			exceptions = (
				09DEF7EA2FBC7129005E2408 /* Exceptions for "NewsAppAssessment" folder in "NewsAppAssessment" target */,
			);
			path = NewsAppAssessment;
			sourceTree = "<group>";
		};
		09CD74112FBB9D8200733273 /* NewsAppAssessmentTests */ = {
			isa = PBXFileSystemSynchronizedRootGroup;
			path = NewsAppAssessmentTests;
			sourceTree = "<group>";
		};
		09CD741B2FBB9D8200733273 /* NewsAppAssessmentUITests */ = {
			isa = PBXFileSystemSynchronizedRootGroup;
			path = NewsAppAssessmentUITests;
			sourceTree = "<group>";
		};
/* End PBXFileSystemSynchronizedRootGroup section */

/* Begin PBXFrameworksBuildPhase section */
		09CD73FC2FBB9D8100733273 /* Frameworks */ = {
			isa = PBXFrameworksBuildPhase;
			buildActionMask = 2147483647;
			files = (
			);
			runOnlyForDeploymentPostprocessing = 0;
		};
		09CD740B2FBB9D8200733273 /* Frameworks */ = {
			isa = PBXFrameworksBuildPhase;
			buildActionMask = 2147483647;
			files = (
			);
			runOnlyForDeploymentPostprocessing = 0;
		};
		09CD74152FBB9D8200733273 /* Frameworks */ = {
			isa = PBXFrameworksBuildPhase;
			buildActionMask = 2147483647;
			files = (
			);
			runOnlyForDeploymentPostprocessing = 0;
		};
/* End PBXFrameworksBuildPhase section */

/* Begin PBXGroup section */
		09CD73F62FBB9D8100733273 = {
			isa = PBXGroup;
			children = (
				09CD74012FBB9D8100733273 /* NewsAppAssessment */,
				09CD74112FBB9D8200733273 /* NewsAppAssessmentTests */,
				09CD741B2FBB9D8200733273 /* NewsAppAssessmentUITests */,
				09CD74002FBB9D8100733273 /* Products */,
			);
			sourceTree = "<group>";
		};
		09CD74002FBB9D8100733273 /* Products */ = {
			isa = PBXGroup;
			children = (
				09CD73FF2FBB9D8100733273 /* NewsAppAssessment.app */,
				09CD740E2FBB9D8200733273 /* NewsAppAssessmentTests.xctest */,
				09CD74182FBB9D8200733273 /* NewsAppAssessmentUITests.xctest */,
			);
			name = Products;
			sourceTree = "<group>";
		};
/* End PBXGroup section */

/* Begin PBXNativeTarget section */
		09CD73FE2FBB9D8100733273 /* NewsAppAssessment */ = {
			isa = PBXNativeTarget;
			buildConfigurationList = 09CD74222FBB9D8200733273 /* Build configuration list for PBXNativeTarget "NewsAppAssessment" */;
			buildPhases = (
				09CD73FB2FBB9D8100733273 /* Sources */,
				09CD73FC2FBB9D8100733273 /* Frameworks */,
				09CD73FD2FBB9D8100733273 /* Resources */,
			);
			buildRules = (
			);
			dependencies = (
				09DEF6E42FBC6BD0005E2408 /* PBXTargetDependency */,
			);
			fileSystemSynchronizedGroups = (
				09CD74012FBB9D8100733273 /* NewsAppAssessment */,
			);
			name = NewsAppAssessment;
			packageProductDependencies = (
			);
			productName = NewsAppAssessment;
			productReference = 09CD73FF2FBB9D8100733273 /* NewsAppAssessment.app */;
			productType = "com.apple.product-type.application";
		};
		09CD740D2FBB9D8200733273 /* NewsAppAssessmentTests */ = {
			isa = PBXNativeTarget;
			buildConfigurationList = 09CD74252FBB9D8200733273 /* Build configuration list for PBXNativeTarget "NewsAppAssessmentTests" */;
			buildPhases = (
				09CD740A2FBB9D8200733273 /* Sources */,
				09CD740B2FBB9D8200733273 /* Frameworks */,
				09CD740C2FBB9D8200733273 /* Resources */,
			);
			buildRules = (
			);
			dependencies = (
				09CD74102FBB9D8200733273 /* PBXTargetDependency */,
			);
			fileSystemSynchronizedGroups = (
				09CD74112FBB9D8200733273 /* NewsAppAssessmentTests */,
			);
			name = NewsAppAssessmentTests;
			packageProductDependencies = (
			);
			productName = NewsAppAssessmentTests;
			productReference = 09CD740E2FBB9D8200733273 /* NewsAppAssessmentTests.xctest */;
			productType = "com.apple.product-type.bundle.unit-test";
		};
		09CD74172FBB9D8200733273 /* NewsAppAssessmentUITests */ = {
			isa = PBXNativeTarget;
			buildConfigurationList = 09CD74282FBB9D8200733273 /* Build configuration list for PBXNativeTarget "NewsAppAssessmentUITests" */;
			buildPhases = (
				09CD74142FBB9D8200733273 /* Sources */,
				09CD74152FBB9D8200733273 /* Frameworks */,
				09CD74162FBB9D8200733273 /* Resources */,
			);
			buildRules = (
			);
			dependencies = (
				09CD741A2FBB9D8200733273 /* PBXTargetDependency */,
			);
			fileSystemSynchronizedGroups = (
				09CD741B2FBB9D8200733273 /* NewsAppAssessmentUITests */,
			);
			name = NewsAppAssessmentUITests;
			packageProductDependencies = (
			);
			productName = NewsAppAssessmentUITests;
			productReference = 09CD74182FBB9D8200733273 /* NewsAppAssessmentUITests.xctest */;
			productType = "com.apple.product-type.bundle.ui-testing";
		};
/* End PBXNativeTarget section */

/* Begin PBXProject section */
		09CD73F72FBB9D8100733273 /* Project object */ = {
			isa = PBXProject;
			attributes = {
				BuildIndependentTargetsInParallel = 1;
				LastSwiftUpdateCheck = 2630;
				LastUpgradeCheck = 2630;
				TargetAttributes = {
					09CD73FE2FBB9D8100733273 = {
						CreatedOnToolsVersion = 26.3;
					};
					09CD740D2FBB9D8200733273 = {
						CreatedOnToolsVersion = 26.3;
						TestTargetID = 09CD73FE2FBB9D8100733273;
					};
					09CD74172FBB9D8200733273 = {
						CreatedOnToolsVersion = 26.3;
						TestTargetID = 09CD73FE2FBB9D8100733273;
					};
				};
			};
			buildConfigurationList = 09CD73FA2FBB9D8100733273 /* Build configuration list for PBXProject "NewsAppAssessment" */;
			developmentRegion = en;
			hasScannedForEncodings = 0;
			knownRegions = (
				en,
				Base,
				de,
				es,
				fr,
			);
			mainGroup = 09CD73F62FBB9D8100733273;
			minimizedProjectReferenceProxies = 1;
			packageReferences = (
				09DEF4512FBC5099005E2408 /* XCRemoteSwiftPackageReference "SwiftLintPlugins" */,
			);
			preferredProjectObjectVersion = 77;
			productRefGroup = 09CD74002FBB9D8100733273 /* Products */;
			projectDirPath = "";
			projectRoot = "";
			targets = (
				09CD73FE2FBB9D8100733273 /* NewsAppAssessment */,
				09CD740D2FBB9D8200733273 /* NewsAppAssessmentTests */,
				09CD74172FBB9D8200733273 /* NewsAppAssessmentUITests */,
			);
		};
/* End PBXProject section */

/* Begin PBXResourcesBuildPhase section */
		09CD73FD2FBB9D8100733273 /* Resources */ = {
			isa = PBXResourcesBuildPhase;
			buildActionMask = 2147483647;
			files = (
			);
			runOnlyForDeploymentPostprocessing = 0;
		};
		09CD740C2FBB9D8200733273 /* Resources */ = {
			isa = PBXResourcesBuildPhase;
			buildActionMask = 2147483647;
			files = (
			);
			runOnlyForDeploymentPostprocessing = 0;
		};
		09CD74162FBB9D8200733273 /* Resources */ = {
			isa = PBXResourcesBuildPhase;
			buildActionMask = 2147483647;
			files = (
			);
			runOnlyForDeploymentPostprocessing = 0;
		};
/* End PBXResourcesBuildPhase section */

/* Begin PBXSourcesBuildPhase section */
		09CD73FB2FBB9D8100733273 /* Sources */ = {
			isa = PBXSourcesBuildPhase;
			buildActionMask = 2147483647;
			files = (
			);
			runOnlyForDeploymentPostprocessing = 0;
		};
		09CD740A2FBB9D8200733273 /* Sources */ = {
			isa = PBXSourcesBuildPhase;
			buildActionMask = 2147483647;
			files = (
			);
			runOnlyForDeploymentPostprocessing = 0;
		};
		09CD74142FBB9D8200733273 /* Sources */ = {
			isa = PBXSourcesBuildPhase;
			buildActionMask = 2147483647;
			files = (
			);
			runOnlyForDeploymentPostprocessing = 0;
		};
/* End PBXSourcesBuildPhase section */

/* Begin PBXTargetDependency section */
		09CD74102FBB9D8200733273 /* PBXTargetDependency */ = {
			isa = PBXTargetDependency;
			target = 09CD73FE2FBB9D8100733273 /* NewsAppAssessment */;
			targetProxy = 09CD740F2FBB9D8200733273 /* PBXContainerItemProxy */;
		};
		09CD741A2FBB9D8200733273 /* PBXTargetDependency */ = {
			isa = PBXTargetDependency;
			target = 09CD73FE2FBB9D8100733273 /* NewsAppAssessment */;
			targetProxy = 09CD74192FBB9D8200733273 /* PBXContainerItemProxy */;
		};
		09DEF6E42FBC6BD0005E2408 /* PBXTargetDependency */ = {
			isa = PBXTargetDependency;
			productRef = 09DEF6E32FBC6BD0005E2408 /* SwiftLintBuildToolPlugin */;
		};
/* End PBXTargetDependency section */

/* Begin XCBuildConfiguration section */
		09CD74202FBB9D8200733273 /* Debug */ = {
			isa = XCBuildConfiguration;
			baseConfigurationReferenceAnchor = 09CD74012FBB9D8100733273 /* NewsAppAssessment */;
			baseConfigurationReferenceRelativePath = Config.xcconfig;
			buildSettings = {
				ALWAYS_SEARCH_USER_PATHS = NO;
				ASSETCATALOG_COMPILER_GENERATE_SWIFT_ASSET_SYMBOL_EXTENSIONS = YES;
				CLANG_ANALYZER_NONNULL = YES;
				CLANG_ANALYZER_NUMBER_OBJECT_CONVERSION = YES_AGGRESSIVE;
				CLANG_CXX_LANGUAGE_STANDARD = "gnu++20";
				CLANG_ENABLE_MODULES = YES;
				CLANG_ENABLE_OBJC_ARC = YES;
				CLANG_ENABLE_OBJC_WEAK = YES;
				CLANG_WARN_BLOCK_CAPTURE_AUTORELEASING = YES;
				CLANG_WARN_BOOL_CONVERSION = YES;
				CLANG_WARN_COMMA = YES;
				CLANG_WARN_CONSTANT_CONVERSION = YES;
				CLANG_WARN_DEPRECATED_OBJC_IMPLEMENTATIONS = YES;
				CLANG_WARN_DIRECT_OBJC_ISA_USAGE = YES_ERROR;
				CLANG_WARN_DOCUMENTATION_COMMENTS = YES;
				CLANG_WARN_EMPTY_BODY = YES;
				CLANG_WARN_ENUM_CONVERSION = YES;
				CLANG_WARN_INFINITE_RECURSION = YES;
				CLANG_WARN_INT_CONVERSION = YES;
				CLANG_WARN_NON_LITERAL_NULL_CONVERSION = YES;
				CLANG_WARN_OBJC_IMPLICIT_RETAIN_SELF = YES;
				CLANG_WARN_OBJC_LITERAL_CONVERSION = YES;
				CLANG_WARN_OBJC_ROOT_CLASS = YES_ERROR;
				CLANG_WARN_QUOTED_INCLUDE_IN_FRAMEWORK_HEADER = YES;
				CLANG_WARN_RANGE_LOOP_ANALYSIS = YES;
				CLANG_WARN_STRICT_PROTOTYPES = YES;
				CLANG_WARN_SUSPICIOUS_MOVE = YES;
				CLANG_WARN_UNGUARDED_AVAILABILITY = YES_AGGRESSIVE;
				CLANG_WARN_UNREACHABLE_CODE = YES;
				CLANG_WARN__DUPLICATE_METHOD_MATCH = YES;
				COPY_PHASE_STRIP = NO;
				DEBUG_INFORMATION_FORMAT = dwarf;
				ENABLE_STRICT_OBJC_MSGSEND = YES;
				ENABLE_TESTABILITY = YES;
				ENABLE_USER_SCRIPT_SANDBOXING = YES;
				GCC_C_LANGUAGE_STANDARD = gnu17;
				GCC_DYNAMIC_NO_PIC = NO;
				GCC_NO_COMMON_BLOCKS = YES;
				GCC_OPTIMIZATION_LEVEL = 0;
				GCC_PREPROCESSOR_DEFINITIONS = (
					"DEBUG=1",
					"$(inherited)",
				);
				GCC_WARN_64_TO_32_BIT_CONVERSION = YES;
				GCC_WARN_ABOUT_RETURN_TYPE = YES_ERROR;
				GCC_WARN_UNDECLARED_SELECTOR = YES;
				GCC_WARN_UNINITIALIZED_AUTOS = YES_AGGRESSIVE;
				GCC_WARN_UNUSED_FUNCTION = YES;
				GCC_WARN_UNUSED_VARIABLE = YES;
				IPHONEOS_DEPLOYMENT_TARGET = 26.2;
				LOCALIZATION_PREFERS_STRING_CATALOGS = YES;
				MTL_ENABLE_DEBUG_INFO = INCLUDE_SOURCE;
				MTL_FAST_MATH = YES;
				ONLY_ACTIVE_ARCH = YES;
				SDKROOT = iphoneos;
				SWIFT_ACTIVE_COMPILATION_CONDITIONS = "DEBUG $(inherited)";
				SWIFT_APPROACHABLE_CONCURRENCY = YES;
				SWIFT_DEFAULT_ACTOR_ISOLATION = MainActor;
				SWIFT_OPTIMIZATION_LEVEL = "-Onone";
				SWIFT_VERSION = 6.0;
			};
			name = Debug;
		};
		09CD74212FBB9D8200733273 /* Release */ = {
			isa = XCBuildConfiguration;
			baseConfigurationReferenceAnchor = 09CD74012FBB9D8100733273 /* NewsAppAssessment */;
			baseConfigurationReferenceRelativePath = Config.xcconfig;
			buildSettings = {
				ALWAYS_SEARCH_USER_PATHS = NO;
				ASSETCATALOG_COMPILER_GENERATE_SWIFT_ASSET_SYMBOL_EXTENSIONS = YES;
				CLANG_ANALYZER_NONNULL = YES;
				CLANG_ANALYZER_NUMBER_OBJECT_CONVERSION = YES_AGGRESSIVE;
				CLANG_CXX_LANGUAGE_STANDARD = "gnu++20";
				CLANG_ENABLE_MODULES = YES;
				CLANG_ENABLE_OBJC_ARC = YES;
				CLANG_ENABLE_OBJC_WEAK = YES;
				CLANG_WARN_BLOCK_CAPTURE_AUTORELEASING = YES;
				CLANG_WARN_BOOL_CONVERSION = YES;
				CLANG_WARN_COMMA = YES;
				CLANG_WARN_CONSTANT_CONVERSION = YES;
				CLANG_WARN_DEPRECATED_OBJC_IMPLEMENTATIONS = YES;
				CLANG_WARN_DIRECT_OBJC_ISA_USAGE = YES_ERROR;
				CLANG_WARN_DOCUMENTATION_COMMENTS = YES;
				CLANG_WARN_EMPTY_BODY = YES;
				CLANG_WARN_ENUM_CONVERSION = YES;
				CLANG_WARN_INFINITE_RECURSION = YES;
				CLANG_WARN_INT_CONVERSION = YES;
				CLANG_WARN_NON_LITERAL_NULL_CONVERSION = YES;
				CLANG_WARN_OBJC_IMPLICIT_RETAIN_SELF = YES;
				CLANG_WARN_OBJC_LITERAL_CONVERSION = YES;
				CLANG_WARN_OBJC_ROOT_CLASS = YES_ERROR;
				CLANG_WARN_QUOTED_INCLUDE_IN_FRAMEWORK_HEADER = YES;
				CLANG_WARN_RANGE_LOOP_ANALYSIS = YES;
				CLANG_WARN_STRICT_PROTOTYPES = YES;
				CLANG_WARN_SUSPICIOUS_MOVE = YES;
				CLANG_WARN_UNGUARDED_AVAILABILITY = YES_AGGRESSIVE;
				CLANG_WARN_UNREACHABLE_CODE = YES;
				CLANG_WARN__DUPLICATE_METHOD_MATCH = YES;
				COPY_PHASE_STRIP = NO;
				DEBUG_INFORMATION_FORMAT = "dwarf-with-dsym";
				ENABLE_NS_ASSERTIONS = NO;
				ENABLE_STRICT_OBJC_MSGSEND = YES;
				ENABLE_USER_SCRIPT_SANDBOXING = YES;
				GCC_C_LANGUAGE_STANDARD = gnu17;
				GCC_NO_COMMON_BLOCKS = YES;
				GCC_WARN_64_TO_32_BIT_CONVERSION = YES;
				GCC_WARN_ABOUT_RETURN_TYPE = YES_ERROR;
				GCC_WARN_UNDECLARED_SELECTOR = YES;
				GCC_WARN_UNINITIALIZED_AUTOS = YES_AGGRESSIVE;
				GCC_WARN_UNUSED_FUNCTION = YES;
				GCC_WARN_UNUSED_VARIABLE = YES;
				IPHONEOS_DEPLOYMENT_TARGET = 26.2;
				LOCALIZATION_PREFERS_STRING_CATALOGS = YES;
				MTL_ENABLE_DEBUG_INFO = NO;
				MTL_FAST_MATH = YES;
				SDKROOT = iphoneos;
				SWIFT_APPROACHABLE_CONCURRENCY = YES;
				SWIFT_COMPILATION_MODE = wholemodule;
				SWIFT_DEFAULT_ACTOR_ISOLATION = MainActor;
				SWIFT_VERSION = 6.0;
				VALIDATE_PRODUCT = YES;
			};
			name = Release;
		};
		09CD74232FBB9D8200733273 /* Debug */ = {
			isa = XCBuildConfiguration;
			baseConfigurationReferenceAnchor = 09CD74012FBB9D8100733273 /* NewsAppAssessment */;
			baseConfigurationReferenceRelativePath = Config.xcconfig;
			buildSettings = {
				ASSETCATALOG_COMPILER_APPICON_NAME = AppIcon;
				ASSETCATALOG_COMPILER_GLOBAL_ACCENT_COLOR_NAME = AccentColor;
				CODE_SIGN_STYLE = Automatic;
				CURRENT_PROJECT_VERSION = 1;
				ENABLE_PREVIEWS = YES;
				GENERATE_INFOPLIST_FILE = YES;
				INFOPLIST_FILE = NewsAppAssessment/Info.plist;
				INFOPLIST_KEY_CFBundleDisplayName = News;
				INFOPLIST_KEY_UIApplicationSceneManifest_Generation = YES;
				INFOPLIST_KEY_UIApplicationSupportsIndirectInputEvents = YES;
				INFOPLIST_KEY_UILaunchScreen_Generation = YES;
				INFOPLIST_KEY_UISupportedInterfaceOrientations = "UIInterfaceOrientationLandscapeLeft UIInterfaceOrientationLandscapeRight UIInterfaceOrientationPortrait";
				LD_RUNPATH_SEARCH_PATHS = (
					"$(inherited)",
					"@executable_path/Frameworks",
				);
				MARKETING_VERSION = 1.0;
				PRODUCT_BUNDLE_IDENTIFIER = dev.co.NewsAppAssessment;
				PRODUCT_NAME = "$(TARGET_NAME)";
				STRING_CATALOG_GENERATE_SYMBOLS = YES;
				SWIFT_APPROACHABLE_CONCURRENCY = YES;
				SWIFT_DEFAULT_ACTOR_ISOLATION = MainActor;
				SWIFT_EMIT_LOC_STRINGS = YES;
				SWIFT_STRICT_CONCURRENCY = complete;
				SWIFT_UPCOMING_FEATURE_MEMBER_IMPORT_VISIBILITY = YES;
				SWIFT_VERSION = 6.0;
				TARGETED_DEVICE_FAMILY = "1,2";
			};
			name = Debug;
		};
		09CD74242FBB9D8200733273 /* Release */ = {
			isa = XCBuildConfiguration;
			baseConfigurationReferenceAnchor = 09CD74012FBB9D8100733273 /* NewsAppAssessment */;
			baseConfigurationReferenceRelativePath = Config.xcconfig;
			buildSettings = {
				ASSETCATALOG_COMPILER_APPICON_NAME = AppIcon;
				ASSETCATALOG_COMPILER_GLOBAL_ACCENT_COLOR_NAME = AccentColor;
				CODE_SIGN_STYLE = Automatic;
				CURRENT_PROJECT_VERSION = 1;
				ENABLE_PREVIEWS = YES;
				GENERATE_INFOPLIST_FILE = YES;
				INFOPLIST_FILE = NewsAppAssessment/Info.plist;
				INFOPLIST_KEY_CFBundleDisplayName = News;
				INFOPLIST_KEY_UIApplicationSceneManifest_Generation = YES;
				INFOPLIST_KEY_UIApplicationSupportsIndirectInputEvents = YES;
				INFOPLIST_KEY_UILaunchScreen_Generation = YES;
				INFOPLIST_KEY_UISupportedInterfaceOrientations = "UIInterfaceOrientationLandscapeLeft UIInterfaceOrientationLandscapeRight UIInterfaceOrientationPortrait";
				LD_RUNPATH_SEARCH_PATHS = (
					"$(inherited)",
					"@executable_path/Frameworks",
				);
				MARKETING_VERSION = 1.0;
				PRODUCT_BUNDLE_IDENTIFIER = dev.co.NewsAppAssessment;
				PRODUCT_NAME = "$(TARGET_NAME)";
				STRING_CATALOG_GENERATE_SYMBOLS = YES;
				SWIFT_APPROACHABLE_CONCURRENCY = YES;
				SWIFT_DEFAULT_ACTOR_ISOLATION = MainActor;
				SWIFT_EMIT_LOC_STRINGS = YES;
				SWIFT_STRICT_CONCURRENCY = complete;
				SWIFT_UPCOMING_FEATURE_MEMBER_IMPORT_VISIBILITY = YES;
				SWIFT_VERSION = 6.0;
				TARGETED_DEVICE_FAMILY = "1,2";
			};
			name = Release;
		};
		09CD74262FBB9D8200733273 /* Debug */ = {
			isa = XCBuildConfiguration;
			baseConfigurationReferenceAnchor = 09CD74012FBB9D8100733273 /* NewsAppAssessment */;
			baseConfigurationReferenceRelativePath = Config.xcconfig;
			buildSettings = {
				BUNDLE_LOADER = "$(TEST_HOST)";
				CODE_SIGN_STYLE = Automatic;
				CURRENT_PROJECT_VERSION = 1;
				GENERATE_INFOPLIST_FILE = YES;
				IPHONEOS_DEPLOYMENT_TARGET = 26.2;
				MARKETING_VERSION = 1.0;
				PRODUCT_BUNDLE_IDENTIFIER = dev.co.NewsAppAssessmentTests;
				PRODUCT_NAME = "$(TARGET_NAME)";
				STRING_CATALOG_GENERATE_SYMBOLS = NO;
				SWIFT_APPROACHABLE_CONCURRENCY = YES;
				SWIFT_EMIT_LOC_STRINGS = NO;
				SWIFT_UPCOMING_FEATURE_MEMBER_IMPORT_VISIBILITY = YES;
				SWIFT_VERSION = 5.0;
				TARGETED_DEVICE_FAMILY = "1,2";
				TEST_HOST = "$(BUILT_PRODUCTS_DIR)/NewsAppAssessment.app/$(BUNDLE_EXECUTABLE_FOLDER_PATH)/NewsAppAssessment";
			};
			name = Debug;
		};
		09CD74272FBB9D8200733273 /* Release */ = {
			isa = XCBuildConfiguration;
			baseConfigurationReferenceAnchor = 09CD74012FBB9D8100733273 /* NewsAppAssessment */;
			baseConfigurationReferenceRelativePath = Config.xcconfig;
			buildSettings = {
				BUNDLE_LOADER = "$(TEST_HOST)";
				CODE_SIGN_STYLE = Automatic;
				CURRENT_PROJECT_VERSION = 1;
				GENERATE_INFOPLIST_FILE = YES;
				IPHONEOS_DEPLOYMENT_TARGET = 26.2;
				MARKETING_VERSION = 1.0;
				PRODUCT_BUNDLE_IDENTIFIER = dev.co.NewsAppAssessmentTests;
				PRODUCT_NAME = "$(TARGET_NAME)";
				STRING_CATALOG_GENERATE_SYMBOLS = NO;
				SWIFT_APPROACHABLE_CONCURRENCY = YES;
				SWIFT_EMIT_LOC_STRINGS = NO;
				SWIFT_UPCOMING_FEATURE_MEMBER_IMPORT_VISIBILITY = YES;
				SWIFT_VERSION = 5.0;
				TARGETED_DEVICE_FAMILY = "1,2";
				TEST_HOST = "$(BUILT_PRODUCTS_DIR)/NewsAppAssessment.app/$(BUNDLE_EXECUTABLE_FOLDER_PATH)/NewsAppAssessment";
			};
			name = Release;
		};
		09CD74292FBB9D8200733273 /* Debug */ = {
			isa = XCBuildConfiguration;
			baseConfigurationReferenceAnchor = 09CD74012FBB9D8100733273 /* NewsAppAssessment */;
			baseConfigurationReferenceRelativePath = Config.xcconfig;
			buildSettings = {
				CODE_SIGN_STYLE = Automatic;
				CURRENT_PROJECT_VERSION = 1;
				GENERATE_INFOPLIST_FILE = YES;
				MARKETING_VERSION = 1.0;
				PRODUCT_BUNDLE_IDENTIFIER = dev.co.NewsAppAssessmentUITests;
				PRODUCT_NAME = "$(TARGET_NAME)";
				STRING_CATALOG_GENERATE_SYMBOLS = NO;
				SWIFT_APPROACHABLE_CONCURRENCY = YES;
				SWIFT_EMIT_LOC_STRINGS = NO;
				SWIFT_UPCOMING_FEATURE_MEMBER_IMPORT_VISIBILITY = YES;
				SWIFT_VERSION = 5.0;
				TARGETED_DEVICE_FAMILY = "1,2";
				TEST_TARGET_NAME = NewsAppAssessment;
			};
			name = Debug;
		};
		09CD742A2FBB9D8200733273 /* Release */ = {
			isa = XCBuildConfiguration;
			baseConfigurationReferenceAnchor = 09CD74012FBB9D8100733273 /* NewsAppAssessment */;
			baseConfigurationReferenceRelativePath = Config.xcconfig;
			buildSettings = {
				CODE_SIGN_STYLE = Automatic;
				CURRENT_PROJECT_VERSION = 1;
				GENERATE_INFOPLIST_FILE = YES;
				MARKETING_VERSION = 1.0;
				PRODUCT_BUNDLE_IDENTIFIER = dev.co.NewsAppAssessmentUITests;
				PRODUCT_NAME = "$(TARGET_NAME)";
				STRING_CATALOG_GENERATE_SYMBOLS = NO;
				SWIFT_APPROACHABLE_CONCURRENCY = YES;
				SWIFT_EMIT_LOC_STRINGS = NO;
				SWIFT_UPCOMING_FEATURE_MEMBER_IMPORT_VISIBILITY = YES;
				SWIFT_VERSION = 5.0;
				TARGETED_DEVICE_FAMILY = "1,2";
				TEST_TARGET_NAME = NewsAppAssessment;
			};
			name = Release;
		};
/* End XCBuildConfiguration section */

/* Begin XCConfigurationList section */
		09CD73FA2FBB9D8100733273 /* Build configuration list for PBXProject "NewsAppAssessment" */ = {
			isa = XCConfigurationList;
			buildConfigurations = (
				09CD74202FBB9D8200733273 /* Debug */,
				09CD74212FBB9D8200733273 /* Release */,
			);
			defaultConfigurationIsVisible = 0;
			defaultConfigurationName = Release;
		};
		09CD74222FBB9D8200733273 /* Build configuration list for PBXNativeTarget "NewsAppAssessment" */ = {
			isa = XCConfigurationList;
			buildConfigurations = (
				09CD74232FBB9D8200733273 /* Debug */,
				09CD74242FBB9D8200733273 /* Release */,
			);
			defaultConfigurationIsVisible = 0;
			defaultConfigurationName = Release;
		};
		09CD74252FBB9D8200733273 /* Build configuration list for PBXNativeTarget "NewsAppAssessmentTests" */ = {
			isa = XCConfigurationList;
			buildConfigurations = (
				09CD74262FBB9D8200733273 /* Debug */,
				09CD74272FBB9D8200733273 /* Release */,
			);
			defaultConfigurationIsVisible = 0;
			defaultConfigurationName = Release;
		};
		09CD74282FBB9D8200733273 /* Build configuration list for PBXNativeTarget "NewsAppAssessmentUITests" */ = {
			isa = XCConfigurationList;
			buildConfigurations = (
				09CD74292FBB9D8200733273 /* Debug */,
				09CD742A2FBB9D8200733273 /* Release */,
			);
			defaultConfigurationIsVisible = 0;
			defaultConfigurationName = Release;
		};
/* End XCConfigurationList section */

/* Begin XCRemoteSwiftPackageReference section */
		09DEF4512FBC5099005E2408 /* XCRemoteSwiftPackageReference "SwiftLintPlugins" */ = {
			isa = XCRemoteSwiftPackageReference;
			repositoryURL = "https://github.com/SimplyDanny/SwiftLintPlugins";
			requirement = {
				kind = exactVersion;
				version = 0.63.2;
			};
		};
/* End XCRemoteSwiftPackageReference section */

/* Begin XCSwiftPackageProductDependency section */
		09DEF6E32FBC6BD0005E2408 /* SwiftLintBuildToolPlugin */ = {
			isa = XCSwiftPackageProductDependency;
			package = 09DEF4512FBC5099005E2408 /* XCRemoteSwiftPackageReference "SwiftLintPlugins" */;
			productName = "plugin:SwiftLintBuildToolPlugin";
		};
/* End XCSwiftPackageProductDependency section */
	};
	rootObject = 09CD73F72FBB9D8100733273 /* Project object */;
}
